{
  "name": "prisma-aws-lambda-example",
  "requires": true,
  "lockfileVersion": 1,
  "dependencies": {
    "@prisma/client": {
      "version": "4.9.0",
      "resolved": "https://registry.npmjs.org/@prisma/client/-/client-4.9.0.tgz",
      "integrity": "sha512-bz6QARw54sWcbyR1lLnF2QHvRW5R/Jxnbbmwh3u+969vUKXtBkXgSgjDA85nji31ZBlf7+FrHDy5x+5ydGyQDg==",
      "requires": {
        "@prisma/engines-version": "4.9.0-42.ceb5c99003b99c9ee2c1d2e618e359c14aef2ea5"
      }
    },
    "@prisma/engines": {
      "version": "4.9.0",
      "resolved": "https://registry.npmjs.org/@prisma/engines/-/engines-4.9.0.tgz",
      "integrity": "sha512-t1pt0Gsp+HcgPJrHFc+d/ZSAaKKWar2G/iakrE07yeKPNavDP3iVKPpfXP22OTCHZUWf7OelwKJxQgKAm5hkgw==",
      "dev": true
    },
    "@prisma/engines-version": {
      "version": "4.9.0-42.ceb5c99003b99c9ee2c1d2e618e359c14aef2ea5",
      "resolved": "https://registry.npmjs.org/@prisma/engines-version/-/engines-version-4.9.0-42.ceb5c99003b99c9ee2c1d2e618e359c14aef2ea5.tgz",
      "integrity": "sha512-M16aibbxi/FhW7z1sJCX8u+0DriyQYY5AyeTH7plQm9MLnURoiyn3CZBqAyIoQ+Z1pS77usCIibYJWSgleBMBA=="
    },
    "ansi-styles": {
      "version": "4.3.0",
      "resolved": "https://registry.npmjs.org/ansi-styles/-/ansi-styles-4.3.0.tgz",
      "integrity": "sha512-zbB9rCJAT1rbjiVDb2hqKFHNYLxgtk8NURxZ3IZwD3F6NtxbXZQCnnSi1Lkx+IDohdPlFp222wVALIheZJQSEg==",
      "dev": true,
      "requires": {
        "color-convert": "^2.0.1"
      }
    },
    "bluebird": {
      "version": "3.7.2",
      "resolved": "https://registry.npmjs.org/bluebird/-/bluebird-3.7.2.tgz",
      "integrity": "sha512-XpNj6GDQzdfW+r2Wnn7xiSAd7TM3jzkxGXBGTtWKuSXv1xUV+azxAm8jdWZN06QTQk+2N2XB9jRDkvbmQmcRtg=="
    },
    "chalk": {
      "version": "4.1.2",
      "resolved": "https://registry.npmjs.org/chalk/-/chalk-4.1.2.tgz",
      "integrity": "sha512-oKnbhFyRIXpUuez8iBMmyEa4nbj4IOQyuhc/wy9kY7/WVPcwIO9VA668Pu8RkO7+0G76SLROeyw9CpQ061i4mA==",
      "dev": true,
      "requires": {
        "ansi-styles": "^4.1.0",
        "supports-color": "^7.1.0"
      }
    },
    "color-convert": {
      "version": "2.0.1",
      "resolved": "https://registry.npmjs.org/color-convert/-/color-convert-2.0.1.tgz",
      "integrity": "sha512-RRECPsj7iu/xb5oKYcsFHSppFNnsj/52OVTRKb4zP5onXwVF3zVmmToNcOfGC+CRDpfK/U584fMg38ZHCaElKQ==",
      "dev": true,
      "requires": {
        "color-name": "~1.1.4"
      }
    },
    "color-name": {
      "version": "1.1.4",
      "resolved": "https://registry.npmjs.org/color-name/-/color-name-1.1.4.tgz",
      "integrity": "sha512-dOy+3AuW3a2wNbZHIuMZpTcgjGuLU/uBL/ubcZF9OXbDo8ff4O8yVp5Bf0efS8uEoYo5q4Fx7dY9OgQGXgAsQA==",
      "dev": true
    },
    "dotenv": {
      "version": "16.0.3",
      "resolved": "https://registry.npmjs.org/dotenv/-/dotenv-16.0.3.tgz",
      "integrity": "sha512-7GO6HghkA5fYG9TYnNxi14/7K9f5occMlp3zXAuSxn7CKCxt9xbNWG7yF8hTCSUchlfWSe3uLmlPfigevRItzQ==",
      "dev": true
    },
    "dotenv-expand": {
      "version": "8.0.3",
      "resolved": "https://registry.npmjs.org/dotenv-expand/-/dotenv-expand-8.0.3.tgz",
      "integrity": "sha512-SErOMvge0ZUyWd5B0NXMQlDkN+8r+HhVUsxgOO7IoPDOdDRD2JjExpN6y3KnFR66jsJMwSn1pqIivhU5rcJiNg==",
      "dev": true
    },
    "escape-regexp-component": {
      "version": "1.0.2",
      "resolved": "https://registry.npmjs.org/escape-regexp-component/-/escape-regexp-component-1.0.2.tgz",
      "integrity": "sha512-B0yxafj1D1ZTNEHkFoQxz4iboZSfaZHhaNhIug7GcUCL4ZUrVSJZTmWUAkPOFaYDfi3RNT9XM082TuGE6jpmiQ=="
    },
    "has-flag": {
      "version": "4.0.0",
      "resolved": "https://registry.npmjs.org/has-flag/-/has-flag-4.0.0.tgz",
      "integrity": "sha512-EykJT/Q1KjTWctppgIAgfSO0tKVuZUjhgMr17kqTumMl6Afv3EISleU7qZUzoXDFTAHTDC4NOoG/ZxU3EvlMPQ==",
      "dev": true
    },
    "prisma": {
      "version": "4.9.0",
      "resolved": "https://registry.npmjs.org/prisma/-/prisma-4.9.0.tgz",
      "integrity": "sha512-bS96oZ5oDFXYgoF2l7PJ3Mp1wWWfLOo8B/jAfbA2Pn0Wm5Z/owBHzaMQKS3i1CzVBDWWPVnOohmbJmjvkcHS5w==",
      "dev": true,
      "requires": {
        "@prisma/engines": "4.9.0"
      }
    },
    "serverless-dotenv-plugin": {
      "version": "4.0.2",
      "resolved": "https://registry.npmjs.org/serverless-dotenv-plugin/-/serverless-dotenv-plugin-4.0.2.tgz",
      "integrity": "sha512-MOXsSSuJPMAiNp7bVvvCC+ahmEMMohlaPpaVU2w4wFgMVSvs+BU7xIwQGv/7TTMNdjYVS/W2JoS5ZSkCdjHzCg==",
      "dev": true,
      "requires": {
        "chalk": "^4.1.2",
        "dotenv": "^16.0.1",
        "dotenv-expand": "^8.0.3"
      }
    },
    "serverless-scriptable-plugin": {
      "version": "1.2.2",
      "resolved": "https://registry.npmjs.org/serverless-scriptable-plugin/-/serverless-scriptable-plugin-1.2.2.tgz",
      "integrity": "sha512-vIXasDZJBTMPxCgi4v+vwmysL6EMLgUBHcKIpu5YtpS1HkRIFloTxLXh9g2f/+6EemqBthrLUYnhB3EsTO1h9g==",
      "requires": {
        "bluebird": "3.7.2"
      }
    },
    "supports-color": {
      "version": "7.2.0",
      "resolved": "https://registry.npmjs.org/supports-color/-/supports-color-7.2.0.tgz",
      "integrity": "sha512-qpCAvRl9stuOHveKsn7HncJRvv501qIacKzQlO/+Lwxc9+0q2wLyv4Dfvt80/DPn2pqOBsJdDiogXGR9+OvwRw==",
      "dev": true,
      "requires": {
        "has-flag": "^4.0.0"
      }
    },
    "title-case-minors": {
      "version": "1.0.0",
      "resolved": "https://registry.npmjs.org/title-case-minors/-/title-case-minors-1.0.0.tgz",
      "integrity": "sha512-GFT+1ZjqJgq5AywOXjl9VelGgqMpOtfwdxYaYy3eUE1gbyxneeSnADLoov7TxXelqftIhlblsnHVqw5hNFUbGQ=="
    },
    "to-camel-case": {
      "version": "1.0.0",
      "resolved": "https://registry.npmjs.org/to-camel-case/-/to-camel-case-1.0.0.tgz",
      "integrity": "sha512-nD8pQi5H34kyu1QDMFjzEIYqk0xa9Alt6ZfrdEMuHCFOfTLhDG5pgTu/aAM9Wt9lXILwlXmWP43b8sav0GNE8Q==",
      "requires": {
        "to-space-case": "^1.0.0"
      }
    },
    "to-capital-case": {
      "version": "1.0.0",
      "resolved": "https://registry.npmjs.org/to-capital-case/-/to-capital-case-1.0.0.tgz",
      "integrity": "sha512-mfERGNFweI+x+OctN7rlbZQqDC68BjXEt9gOrf8qy26IyqQyUTqfdKQBN3XhqN0fP9Pl4zaoXKGeWv+wSPXIyQ==",
      "requires": {
        "to-space-case": "^1.0.0"
      }
    },
    "to-case": {
      "version": "2.0.0",
      "resolved": "https://registry.npmjs.org/to-case/-/to-case-2.0.0.tgz",
      "integrity": "sha512-zgkg4NYbr3pgT1Cz/kh65HIiXhv3IShKx1Nh2RqsKlq84EySwd4XsEh/mZln3tlhiN3ejmlZzTMaU3ziIouKzw==",
      "requires": {
        "to-camel-case": "^1.0.0",
        "to-capital-case": "^1.0.0",
        "to-constant-case": "^1.0.0",
        "to-dot-case": "^1.0.0",
        "to-no-case": "^1.0.0",
        "to-pascal-case": "^1.0.0",
        "to-sentence-case": "^1.0.0",
        "to-slug-case": "^1.0.0",
        "to-snake-case": "^1.0.0",
        "to-space-case": "^1.0.0",
        "to-title-case": "^1.0.0"
      }
    },
    "to-constant-case": {
      "version": "1.0.0",
      "resolved": "https://registry.npmjs.org/to-constant-case/-/to-constant-case-1.0.0.tgz",
      "integrity": "sha512-jN3gxix+u/ANZbIcFpwegLnBI45le9HdAo+d7fAgIBDhg7ZJynaDQqDFe5QIzMLqqnfGQvleUtwR5iEMbsv81w==",
      "requires": {
        "to-snake-case": "^1.0.0"
      }
    },
    "to-dot-case": {
      "version": "1.0.0",
      "resolved": "https://registry.npmjs.org/to-dot-case/-/to-dot-case-1.0.0.tgz",
      "integrity": "sha512-gwKmnzzTGdPiMWTFFpRYqB3dQpVJgAxuhEYEM+7Vbqd6quFfvdhZPXlqRLf8jIaWL3qCX/rxTW9Y2eeSTJP9/w==",
      "requires": {
        "to-space-case": "^1.0.0"
      }
    },
    "to-no-case": {
      "version": "1.0.2",
      "resolved": "https://registry.npmjs.org/to-no-case/-/to-no-case-1.0.2.tgz",
      "integrity": "sha512-Z3g735FxuZY8rodxV4gH7LxClE4H0hTIyHNIHdk+vpQxjLm0cwnKXq/OFVZ76SOQmto7txVcwSCwkU5kqp+FKg=="
    },
    "to-pascal-case": {
      "version": "1.0.0",
      "resolved": "https://registry.npmjs.org/to-pascal-case/-/to-pascal-case-1.0.0.tgz",
      "integrity": "sha512-QGMWHqM6xPrcQW57S23c5/3BbYb0Tbe9p+ur98ckRnGDwD4wbbtDiYI38CfmMKNB5Iv0REjs5SNDntTwvDxzZA==",
      "requires": {
        "to-space-case": "^1.0.0"
      }
    },
    "to-sentence-case": {
      "version": "1.0.0",
      "resolved": "https://registry.npmjs.org/to-sentence-case/-/to-sentence-case-1.0.0.tgz",
      "integrity": "sha512-egaI3iiTSS5FpN8ZiN08Kqx8EQDTK4yqnp5m2WqR5qGSMLi605gYn887drlyZFn+lLMQAOC7tABafk/oQIoqGQ==",
      "requires": {
        "to-no-case": "^1.0.0"
      }
    },
    "to-slug-case": {
      "version": "1.0.0",
      "resolved": "https://registry.npmjs.org/to-slug-case/-/to-slug-case-1.0.0.tgz",
      "integrity": "sha512-g0U7IDgSDpFUTapdARFnck4TQ8rcSSYZ1qSZGbwcTbDpm7eWSEHHQfhC2K9gYN7/vQ3xS5v5PDD+HXuLsQp3ng==",
      "requires": {
        "to-space-case": "^1.0.0"
      }
    },
    "to-snake-case": {
      "version": "1.0.0",
      "resolved": "https://registry.npmjs.org/to-snake-case/-/to-snake-case-1.0.0.tgz",
      "integrity": "sha512-joRpzBAk1Bhi2eGEYBjukEWHOe/IvclOkiJl3DtA91jV6NwQ3MwXA4FHYeqk8BNp/D8bmi9tcNbRu/SozP0jbQ==",
      "requires": {
        "to-space-case": "^1.0.0"
      }
    },
    "to-space-case": {
      "version": "1.0.0",
      "resolved": "https://registry.npmjs.org/to-space-case/-/to-space-case-1.0.0.tgz",
      "integrity": "sha512-rLdvwXZ39VOn1IxGL3V6ZstoTbwLRckQmn/U8ZDLuWwIXNpuZDhQ3AiRUlhTbOXFVE9C+dR51wM0CBDhk31VcA==",
      "requires": {
        "to-no-case": "^1.0.0"
      }
    },
    "to-title-case": {
      "version": "1.0.0",
      "resolved": "https://registry.npmjs.org/to-title-case/-/to-title-case-1.0.0.tgz",
      "integrity": "sha512-zy39Lh3pLnDIvS7PEoPNIo7Jbm7IK4NCruhQDEsHmVmvqn4v+WlwgQZtHESbYxnwhU0YCdTJJ4IQshR2XWYVFw==",
      "requires": {
        "escape-regexp-component": "^1.0.2",
        "title-case-minors": "^1.0.0",
        "to-capital-case": "^1.0.0",
        "to-sentence-case": "^1.0.0"
      }
    }
  }
}
