{
  "name": "prisma-aws-lambda-example",
  "requires": true,
  "lockfileVersion": 1,
  "dependencies": {
    "@prisma/client": {
      "version": "4.9.0",
      "resolved": "https://registry.npmjs.org/@prisma/client/-/client-4.9.0.tgz",
      "integrity": "sha512-bz6QARw54sWcbyR1lLnF2QHvRW5R/Jxnbbmwh3u+969vUKXtBkXgSgjDA85nji31ZBlf7+FrHDy5x+5ydGyQDg==",
      "requires": {
        "@prisma/engines-version": "4.9.0-42.ceb5c99003b99c9ee2c1d2e618e359c14aef2ea5"
      }
    },
    "@prisma/engines": {
      "version": "4.9.0",
      "resolved": "https://registry.npmjs.org/@prisma/engines/-/engines-4.9.0.tgz",
      "integrity": "sha512-t1pt0Gsp+HcgPJrHFc+d/ZSAaKKWar2G/iakrE07yeKPNavDP3iVKPpfXP22OTCHZUWf7OelwKJxQgKAm5hkgw==",
      "dev": true
    },
    "@prisma/engines-version": {
      "version": "4.9.0-42.ceb5c99003b99c9ee2c1d2e618e359c14aef2ea5",
      "resolved": "https://registry.npmjs.org/@prisma/engines-version/-/engines-version-4.9.0-42.ceb5c99003b99c9ee2c1d2e618e359c14aef2ea5.tgz",
      "integrity": "sha512-M16aibbxi/FhW7z1sJCX8u+0DriyQYY5AyeTH7plQm9MLnURoiyn3CZBqAyIoQ+Z1pS77usCIibYJWSgleBMBA=="
    },
    "ansi-styles": {
      "version": "4.3.0",
      "resolved": "https://registry.npmjs.org/ansi-styles/-/ansi-styles-4.3.0.tgz",
      "integrity": "sha512-zbB9rCJAT1rbjiVDb2hqKFHNYLxgtk8NURxZ3IZwD3F6NtxbXZQCnnSi1Lkx+IDohdPlFp222wVALIheZJQSEg==",
      "dev": true,
      "requires": {
        "color-convert": "^2.0.1"
      }
    },
    "chalk": {
      "version": "4.1.2",
      "resolved": "https://registry.npmjs.org/chalk/-/chalk-4.1.2.tgz",
      "integrity": "sha512-oKnbhFyRIXpUuez8iBMmyEa4nbj4IOQyuhc/wy9kY7/WVPcwIO9VA668Pu8RkO7+0G76SLROeyw9CpQ061i4mA==",
      "dev": true,
      "requires": {
        "ansi-styles": "^4.1.0",
        "supports-color": "^7.1.0"
      }
    },
    "color-convert": {
      "version": "2.0.1",
      "resolved": "https://registry.npmjs.org/color-convert/-/color-convert-2.0.1.tgz",
      "integrity": "sha512-RRECPsj7iu/xb5oKYcsFHSppFNnsj/52OVTRKb4zP5onXwVF3zVmmToNcOfGC+CRDpfK/U584fMg38ZHCaElKQ==",
      "dev": true,
      "requires": {
        "color-name": "~1.1.4"
      }
    },
    "color-name": {
      "version": "1.1.4",
      "resolved": "https://registry.npmjs.org/color-name/-/color-name-1.1.4.tgz",
      "integrity": "sha512-dOy+3AuW3a2wNbZHIuMZpTcgjGuLU/uBL/ubcZF9OXbDo8ff4O8yVp5Bf0efS8uEoYo5q4Fx7dY9OgQGXgAsQA==",
      "dev": true
    },
    "dotenv": {
      "version": "16.0.3",
      "resolved": "https://registry.npmjs.org/dotenv/-/dotenv-16.0.3.tgz",
      "integrity": "sha512-7GO6HghkA5fYG9TYnNxi14/7K9f5occMlp3zXAuSxn7CKCxt9xbNWG7yF8hTCSUchlfWSe3uLmlPfigevRItzQ==",
      "dev": true
    },
    "dotenv-expand": {
      "version": "8.0.3",
      "resolved": "https://registry.npmjs.org/dotenv-expand/-/dotenv-expand-8.0.3.tgz",
      "integrity": "sha512-SErOMvge0ZUyWd5B0NXMQlDkN+8r+HhVUsxgOO7IoPDOdDRD2JjExpN6y3KnFR66jsJMwSn1pqIivhU5rcJiNg==",
      "dev": true
    },
    "has-flag": {
      "version": "4.0.0",
      "resolved": "https://registry.npmjs.org/has-flag/-/has-flag-4.0.0.tgz",
      "integrity": "sha512-EykJT/Q1KjTWctppgIAgfSO0tKVuZUjhgMr17kqTumMl6Afv3EISleU7qZUzoXDFTAHTDC4NOoG/ZxU3EvlMPQ==",
      "dev": true
    },
    "prisma": {
      "version": "4.9.0",
      "resolved": "https://registry.npmjs.org/prisma/-/prisma-4.9.0.tgz",
      "integrity": "sha512-bS96oZ5oDFXYgoF2l7PJ3Mp1wWWfLOo8B/jAfbA2Pn0Wm5Z/owBHzaMQKS3i1CzVBDWWPVnOohmbJmjvkcHS5w==",
      "dev": true,
      "requires": {
        "@prisma/engines": "4.9.0"
      }
    },
    "serverless-dotenv-plugin": {
      "version": "4.0.2",
      "resolved": "https://registry.npmjs.org/serverless-dotenv-plugin/-/serverless-dotenv-plugin-4.0.2.tgz",
      "integrity": "sha512-MOXsSSuJPMAiNp7bVvvCC+ahmEMMohlaPpaVU2w4wFgMVSvs+BU7xIwQGv/7TTMNdjYVS/W2JoS5ZSkCdjHzCg==",
      "dev": true,
      "requires": {
        "chalk": "^4.1.2",
        "dotenv": "^16.0.1",
        "dotenv-expand": "^8.0.3"
      }
    },
    "supports-color": {
      "version": "7.2.0",
      "resolved": "https://registry.npmjs.org/supports-color/-/supports-color-7.2.0.tgz",
      "integrity": "sha512-qpCAvRl9stuOHveKsn7HncJRvv501qIacKzQlO/+Lwxc9+0q2wLyv4Dfvt80/DPn2pqOBsJdDiogXGR9+OvwRw==",
      "dev": true,
      "requires": {
        "has-flag": "^4.0.0"
      }
    }
  }
}
